
Microsoft Visual Studio Solution File, Format Version 12.00
# Visual Studio Version 16
VisualStudioVersion = 16.0.32413.511
MinimumVisualStudioVersion = 10.0.40219.1
Project("{9A19103F-16F7-4668-BE54-9A1E7A4F7556}") = "DataAccess", "DataAccess\DataAccess.csproj", "{02563196-4BD6-4430-8A2C-50E48AEB26A1}"
EndProject
Project("{9A19103F-16F7-4668-BE54-9A1E7A4F7556}") = "Business", "Business\Business.csproj", "{F0EBC0E5-FDB8-4418-80CC-215170CC3EC5}"
EndProject
Project("{9A19103F-16F7-4668-BE54-9A1E7A4F7556}") = "Entities", "Entities\Entities.csproj", "{731FAA2D-14A4-4695-B78D-ABCF75A17586}"
EndProject
Project("{9A19103F-16F7-4668-BE54-9A1E7A4F7556}") = "UI", "UI\UI.csproj", "{C3A83E85-B733-4C5A-A97D-6EB0207C41EE}"
EndProject
Project("{FAE04EC0-301F-11D3-BF4B-00C04F79EFBC}") = "Core", "Core\Core.csproj", "{A2C4D1A9-B930-41C7-83B0-AA180F635629}"
EndProject
Global
	GlobalSection(SolutionConfigurationPlatforms) = preSolution
		Debug|Any CPU = Debug|Any CPU
		Release|Any CPU = Release|Any CPU
	EndGlobalSection
	GlobalSection(ProjectConfigurationPlatforms) = postSolution
		{02563196-4BD6-4430-8A2C-50E48AEB26A1}.Debug|Any CPU.ActiveCfg = Debug|Any CPU
		{02563196-4BD6-4430-8A2C-50E48AEB26A1}.Debug|Any CPU.Build.0 = Debug|Any CPU
		{02563196-4BD6-4430-8A2C-50E48AEB26A1}.Release|Any CPU.ActiveCfg = Release|Any CPU
		{02563196-4BD6-4430-8A2C-50E48AEB26A1}.Release|Any CPU.Build.0 = Release|Any CPU
		{F0EBC0E5-FDB8-4418-80CC-215170CC3EC5}.Debug|Any CPU.ActiveCfg = Debug|Any CPU
		{F0EBC0E5-FDB8-4418-80CC-215170CC3EC5}.Debug|Any CPU.Build.0 = Debug|Any CPU
		{F0EBC0E5-FDB8-4418-80CC-215170CC3EC5}.Release|Any CPU.ActiveCfg = Release|Any CPU
		{F0EBC0E5-FDB8-4418-80CC-215170CC3EC5}.Release|Any CPU.Build.0 = Release|Any CPU
		{731FAA2D-14A4-4695-B78D-ABCF75A17586}.Debug|Any CPU.ActiveCfg = Debug|Any CPU
		{731FAA2D-14A4-4695-B78D-ABCF75A17586}.Debug|Any CPU.Build.0 = Debug|Any CPU
		{731FAA2D-14A4-4695-B78D-ABCF75A17586}.Release|Any CPU.ActiveCfg = Release|Any CPU
		{731FAA2D-14A4-4695-B78D-ABCF75A17586}.Release|Any CPU.Build.0 = Release|Any CPU
		{C3A83E85-B733-4C5A-A97D-6EB0207C41EE}.Debug|Any CPU.ActiveCfg = Debug|Any CPU
		{C3A83E85-B733-4C5A-A97D-6EB0207C41EE}.Debug|Any CPU.Build.0 = Debug|Any CPU
		{C3A83E85-B733-4C5A-A97D-6EB0207C41EE}.Release|Any CPU.ActiveCfg = Release|Any CPU
		{C3A83E85-B733-4C5A-A97D-6EB0207C41EE}.Release|Any CPU.Build.0 = Release|Any CPU
		{A2C4D1A9-B930-41C7-83B0-AA180F635629}.Debug|Any CPU.ActiveCfg = Debug|Any CPU
		{A2C4D1A9-B930-41C7-83B0-AA180F635629}.Debug|Any CPU.Build.0 = Debug|Any CPU
		{A2C4D1A9-B930-41C7-83B0-AA180F635629}.Release|Any CPU.ActiveCfg = Release|Any CPU
		{A2C4D1A9-B930-41C7-83B0-AA180F635629}.Release|Any CPU.Build.0 = Release|Any CPU
	EndGlobalSection
	GlobalSection(SolutionProperties) = preSolution
		HideSolutionNode = FALSE
	EndGlobalSection
	GlobalSection(ExtensibilityGlobals) = postSolution
		SolutionGuid = {610312FC-7FD3-4B8D-AEA6-127C021885AB}
	EndGlobalSection
EndGlobal
